
Microsoft Visual Studio Solution File, Format Version 12.00
# Visual Studio Version 17
VisualStudioVersion = 17.2.32526.322
MinimumVisualStudioVersion = 10.0.40219.1
Project("{FAE04EC0-301F-11D3-BF4B-00C04F79EFBC}") = "clouddemo", "clouddemo\clouddemo.csproj", "{377D49AD-47B1-4CAB-BC9A-FED69BA012BF}"
EndProject
Global
	GlobalSection(SolutionConfigurationPlatforms) = preSolution
		Debug|Any CPU = Debug|Any CPU
		Release|Any CPU = Release|Any CPU
	EndGlobalSection
	GlobalSection(ProjectConfigurationPlatforms) = postSolution
		{377D49AD-47B1-4CAB-BC9A-FED69BA012BF}.Debug|Any CPU.ActiveCfg = Debug|Any CPU
		{377D49AD-47B1-4CAB-BC9A-FED69BA012BF}.Debug|Any CPU.Build.0 = Debug|Any CPU
		{377D49AD-47B1-4CAB-BC9A-FED69BA012BF}.Release|Any CPU.ActiveCfg = Release|Any CPU
		{377D49AD-47B1-4CAB-BC9A-FED69BA012BF}.Release|Any CPU.Build.0 = Release|Any CPU
	EndGlobalSection
	GlobalSection(SolutionProperties) = preSolution
		HideSolutionNode = FALSE
	EndGlobalSection
	GlobalSection(ExtensibilityGlobals) = postSolution
		SolutionGuid = {44A87D06-E3F0-40BE-9DC0-7192C9B88AB8}
	EndGlobalSection
EndGlobal
